{
  "originHash" : "5565c65797f8e9bb3dbe3f254792d145612f80ddccdcf106e765b4bf238684fe",
  "pins" : [
    {
      "identity" : "pureyaml",
      "kind" : "remoteSourceControl",
      "location" : "https://github.com/mihaelamj/PureYAML.git",
      "state" : {
        "branch" : "main",
        "revision" : "c13b7c97fd6cd7e3ccfbb5f301322fa340a4d184"
      }
    },
    {
      "identity" : "swiftwasihttpclient",
      "kind" : "remoteSourceControl",
      "location" : "https://github.com/mihaelamj/SwiftWASIHTTPClient.git",
      "state" : {
        "branch" : "main",
        "revision" : "66b1df6a7da8886e251c0851d1decdd32aaca72c"
      }
    }
  ],
  "version" : 3
}
