{
  "originHash" : "5565c65797f8e9bb3dbe3f254792d145612f80ddccdcf106e765b4bf238684fe",
  "pins" : [
    {
      "identity" : "pureyaml",
      "kind" : "remoteSourceControl",
      "location" : "https://github.com/mihaelamj/PureYAML.git",
      "state" : {
        "branch" : "main",
        "revision" : "57c48cb4e14e9934770f4ce167d0d0acf028d011"
      }
    },
    {
      "identity" : "swiftwasihttpclient",
      "kind" : "remoteSourceControl",
      "location" : "https://github.com/mihaelamj/SwiftWASIHTTPClient.git",
      "state" : {
        "branch" : "main",
        "revision" : "66b1df6a7da8886e251c0851d1decdd32aaca72c"
      }
    }
  ],
  "version" : 3
}
